
Microsoft Visual Studio Solution File, Format Version 12.00
# Visual Studio Version 17
VisualStudioVersion = 17.6.33723.286
MinimumVisualStudioVersion = 10.0.40219.1
Project("{FAE04EC0-301F-11D3-BF4B-00C04F79EFBC}") = "ProjetoUC12_Final", "ProjetoUC12_Final\ProjetoUC12_Final.csproj", "{BB882C9D-FCA9-4A89-BC44-D9D08BAD0907}"
EndProject
Global
	GlobalSection(SolutionConfigurationPlatforms) = preSolution
		Debug|Any CPU = Debug|Any CPU
		Release|Any CPU = Release|Any CPU
	EndGlobalSection
	GlobalSection(ProjectConfigurationPlatforms) = postSolution
		{BB882C9D-FCA9-4A89-BC44-D9D08BAD0907}.Debug|Any CPU.ActiveCfg = Debug|Any CPU
		{BB882C9D-FCA9-4A89-BC44-D9D08BAD0907}.Debug|Any CPU.Build.0 = Debug|Any CPU
		{BB882C9D-FCA9-4A89-BC44-D9D08BAD0907}.Release|Any CPU.ActiveCfg = Release|Any CPU
		{BB882C9D-FCA9-4A89-BC44-D9D08BAD0907}.Release|Any CPU.Build.0 = Release|Any CPU
	EndGlobalSection
	GlobalSection(SolutionProperties) = preSolution
		HideSolutionNode = FALSE
	EndGlobalSection
	GlobalSection(ExtensibilityGlobals) = postSolution
		SolutionGuid = {D1DAF769-1079-42F8-91CC-A4C5A1B9080C}
	EndGlobalSection
EndGlobal
